
Microsoft Visual Studio Solution File, Format Version 12.00
# Visual Studio Version 17
VisualStudioVersion = 17.13.35828.75
MinimumVisualStudioVersion = 10.0.40219.1
Project("{FAE04EC0-301F-11D3-BF4B-00C04F79EFBC}") = "JustExtraLively", "ToConverter\JustExtraLively.csproj", "{95D723FA-AC50-4528-8AA9-5E9A65B0DC29}"
EndProject
Global
	GlobalSection(SolutionConfigurationPlatforms) = preSolution
		Debug|ARM64 = Debug|ARM64
		Debug|x64 = Debug|x64
		Debug|x86 = Debug|x86
		Release|ARM64 = Release|ARM64
		Release|x64 = Release|x64
		Release|x86 = Release|x86
	EndGlobalSection
	GlobalSection(ProjectConfigurationPlatforms) = postSolution
		{95D723FA-AC50-4528-8AA9-5E9A65B0DC29}.Debug|ARM64.ActiveCfg = Debug|ARM64
		{95D723FA-AC50-4528-8AA9-5E9A65B0DC29}.Debug|ARM64.Build.0 = Debug|ARM64
		{95D723FA-AC50-4528-8AA9-5E9A65B0DC29}.Debug|ARM64.Deploy.0 = Debug|ARM64
		{95D723FA-AC50-4528-8AA9-5E9A65B0DC29}.Debug|x64.ActiveCfg = Debug|x64
		{95D723FA-AC50-4528-8AA9-5E9A65B0DC29}.Debug|x64.Build.0 = Debug|x64
		{95D723FA-AC50-4528-8AA9-5E9A65B0DC29}.Debug|x64.Deploy.0 = Debug|x64
		{95D723FA-AC50-4528-8AA9-5E9A65B0DC29}.Debug|x86.ActiveCfg = Debug|x86
		{95D723FA-AC50-4528-8AA9-5E9A65B0DC29}.Debug|x86.Build.0 = Debug|x86
		{95D723FA-AC50-4528-8AA9-5E9A65B0DC29}.Debug|x86.Deploy.0 = Debug|x86
		{95D723FA-AC50-4528-8AA9-5E9A65B0DC29}.Release|ARM64.ActiveCfg = Release|ARM64
		{95D723FA-AC50-4528-8AA9-5E9A65B0DC29}.Release|ARM64.Build.0 = Release|ARM64
		{95D723FA-AC50-4528-8AA9-5E9A65B0DC29}.Release|ARM64.Deploy.0 = Release|ARM64
		{95D723FA-AC50-4528-8AA9-5E9A65B0DC29}.Release|x64.ActiveCfg = Release|x64
		{95D723FA-AC50-4528-8AA9-5E9A65B0DC29}.Release|x64.Build.0 = Release|x64
		{95D723FA-AC50-4528-8AA9-5E9A65B0DC29}.Release|x64.Deploy.0 = Release|x64
		{95D723FA-AC50-4528-8AA9-5E9A65B0DC29}.Release|x86.ActiveCfg = Release|x86
		{95D723FA-AC50-4528-8AA9-5E9A65B0DC29}.Release|x86.Build.0 = Release|x86
		{95D723FA-AC50-4528-8AA9-5E9A65B0DC29}.Release|x86.Deploy.0 = Release|x86
	EndGlobalSection
	GlobalSection(SolutionProperties) = preSolution
		HideSolutionNode = FALSE
	EndGlobalSection
	GlobalSection(ExtensibilityGlobals) = postSolution
		SolutionGuid = {E87150CE-F052-40D6-905A-997C4F757114}
	EndGlobalSection
EndGlobal
